// !$*UTF8*$!
{
	archiveVersion = 1;
	classes = {
	};
	objectVersion = 56;
	objects = {

/* Begin PBXBuildFile section */
		43C1ADB2297C98E90007B9EA /* ProgramaticallyVC.swift in Sources */ = {isa = PBXBuildFile; fileRef = 43C1ADB1297C98E90007B9EA /* ProgramaticallyVC.swift */; };
		43C1ADB4297CA9980007B9EA /* ResultsViewController.swift in Sources */ = {isa = PBXBuildFile; fileRef = 43C1ADB3297CA9980007B9EA /* ResultsViewController.swift */; };
		43ED32832977553E00C41A22 /* AppDelegate.swift in Sources */ = {isa = PBXBuildFile; fileRef = 43ED32822977553E00C41A22 /* AppDelegate.swift */; };
		43ED32852977553E00C41A22 /* SceneDelegate.swift in Sources */ = {isa = PBXBuildFile; fileRef = 43ED32842977553E00C41A22 /* SceneDelegate.swift */; };
		43ED32872977553E00C41A22 /* CalculateViewController.swift in Sources */ = {isa = PBXBuildFile; fileRef = 43ED32862977553E00C41A22 /* CalculateViewController.swift */; };
		43ED328A2977553E00C41A22 /* Main.storyboard in Resources */ = {isa = PBXBuildFile; fileRef = 43ED32882977553E00C41A22 /* Main.storyboard */; };
		43ED328C2977553E00C41A22 /* Assets.xcassets in Resources */ = {isa = PBXBuildFile; fileRef = 43ED328B2977553E00C41A22 /* Assets.xcassets */; };
		43ED328F2977553E00C41A22 /* LaunchScreen.storyboard in Resources */ = {isa = PBXBuildFile; fileRef = 43ED328D2977553E00C41A22 /* LaunchScreen.storyboard */; };
/* End PBXBuildFile section */

/* Begin PBXFileReference section */
		43C1ADB1297C98E90007B9EA /* ProgramaticallyVC.swift */ = {isa = PBXFileReference; lastKnownFileType = sourcecode.swift; path = ProgramaticallyVC.swift; sourceTree = "<group>"; };
		43C1ADB3297CA9980007B9EA /* ResultsViewController.swift */ = {isa = PBXFileReference; lastKnownFileType = sourcecode.swift; path = ResultsViewController.swift; sourceTree = "<group>"; };
		43ED327F2977553E00C41A22 /* BodyMindex.app */ = {isa = PBXFileReference; explicitFileType = wrapper.application; includeInIndex = 0; path = BodyMindex.app; sourceTree = BUILT_PRODUCTS_DIR; };
		43ED32822977553E00C41A22 /* AppDelegate.swift */ = {isa = PBXFileReference; lastKnownFileType = sourcecode.swift; path = AppDelegate.swift; sourceTree = "<group>"; };
		43ED32842977553E00C41A22 /* SceneDelegate.swift */ = {isa = PBXFileReference; lastKnownFileType = sourcecode.swift; path = SceneDelegate.swift; sourceTree = "<group>"; };
		43ED32862977553E00C41A22 /* CalculateViewController.swift */ = {isa = PBXFileReference; lastKnownFileType = sourcecode.swift; path = CalculateViewController.swift; sourceTree = "<group>"; };
		43ED32892977553E00C41A22 /* Base */ = {isa = PBXFileReference; lastKnownFileType = file.storyboard; name = Base; path = Base.lproj/Main.storyboard; sourceTree = "<group>"; };
		43ED328B2977553E00C41A22 /* Assets.xcassets */ = {isa = PBXFileReference; lastKnownFileType = folder.assetcatalog; path = Assets.xcassets; sourceTree = "<group>"; };
		43ED328E2977553E00C41A22 /* Base */ = {isa = PBXFileReference; lastKnownFileType = file.storyboard; name = Base; path = Base.lproj/LaunchScreen.storyboard; sourceTree = "<group>"; };
		43ED32902977553E00C41A22 /* Info.plist */ = {isa = PBXFileReference; lastKnownFileType = text.plist.xml; path = Info.plist; sourceTree = "<group>"; };
/* End PBXFileReference section */

/* Begin PBXFrameworksBuildPhase section */
		43ED327C2977553E00C41A22 /* Frameworks */ = {
			isa = PBXFrameworksBuildPhase;
			buildActionMask = 2147483647;
			files = (
			);
			runOnlyForDeploymentPostprocessing = 0;
		};
/* End PBXFrameworksBuildPhase section */

/* Begin PBXGroup section */
		43ED32762977553E00C41A22 = {
			isa = PBXGroup;
			children = (
				43ED32812977553E00C41A22 /* BodyMindex */,
				43ED32802977553E00C41A22 /* Products */,
			);
			sourceTree = "<group>";
		};
		43ED32802977553E00C41A22 /* Products */ = {
			isa = PBXGroup;
			children = (
				43ED327F2977553E00C41A22 /* BodyMindex.app */,
			);
			name = Products;
			sourceTree = "<group>";
		};
		43ED32812977553E00C41A22 /* BodyMindex */ = {
			isa = PBXGroup;
			children = (
				43ED32822977553E00C41A22 /* AppDelegate.swift */,
				43ED32842977553E00C41A22 /* SceneDelegate.swift */,
				43F6DE802978D745004D60D2 /* Models */,
				43F6DE7E2978D719004D60D2 /* Views */,
				43F6DE7F2978D735004D60D2 /* Controllers */,
				43ED328B2977553E00C41A22 /* Assets.xcassets */,
				43ED328D2977553E00C41A22 /* LaunchScreen.storyboard */,
				43ED32902977553E00C41A22 /* Info.plist */,
			);
			path = BodyMindex;
			sourceTree = "<group>";
		};
		43F6DE7E2978D719004D60D2 /* Views */ = {
			isa = PBXGroup;
			children = (
				43ED32882977553E00C41A22 /* Main.storyboard */,
			);
			path = Views;
			sourceTree = "<group>";
		};
		43F6DE7F2978D735004D60D2 /* Controllers */ = {
			isa = PBXGroup;
			children = (
				43ED32862977553E00C41A22 /* CalculateViewController.swift */,
				43C1ADB1297C98E90007B9EA /* ProgramaticallyVC.swift */,
				43C1ADB3297CA9980007B9EA /* ResultsViewController.swift */,
			);
			path = Controllers;
			sourceTree = "<group>";
		};
		43F6DE802978D745004D60D2 /* Models */ = {
			isa = PBXGroup;
			children = (
			);
			path = Models;
			sourceTree = "<group>";
		};
/* End PBXGroup section */

/* Begin PBXNativeTarget section */
		43ED327E2977553E00C41A22 /* BodyMindex */ = {
			isa = PBXNativeTarget;
			buildConfigurationList = 43ED32932977553E00C41A22 /* Build configuration list for PBXNativeTarget "BodyMindex" */;
			buildPhases = (
				43ED327B2977553E00C41A22 /* Sources */,
				43ED327C2977553E00C41A22 /* Frameworks */,
				43ED327D2977553E00C41A22 /* Resources */,
			);
			buildRules = (
			);
			dependencies = (
			);
			name = BodyMindex;
			productName = BodyMindex;
			productReference = 43ED327F2977553E00C41A22 /* BodyMindex.app */;
			productType = "com.apple.product-type.application";
		};
/* End PBXNativeTarget section */

/* Begin PBXProject section */
		43ED32772977553E00C41A22 /* Project object */ = {
			isa = PBXProject;
			attributes = {
				BuildIndependentTargetsInParallel = 1;
				LastSwiftUpdateCheck = 1420;
				LastUpgradeCheck = 1420;
				TargetAttributes = {
					43ED327E2977553E00C41A22 = {
						CreatedOnToolsVersion = 14.2;
					};
				};
			};
			buildConfigurationList = 43ED327A2977553E00C41A22 /* Build configuration list for PBXProject "BodyMindex" */;
			compatibilityVersion = "Xcode 14.0";
			developmentRegion = en;
			hasScannedForEncodings = 0;
			knownRegions = (
				en,
				Base,
			);
			mainGroup = 43ED32762977553E00C41A22;
			productRefGroup = 43ED32802977553E00C41A22 /* Products */;
			projectDirPath = "";
			projectRoot = "";
			targets = (
				43ED327E2977553E00C41A22 /* BodyMindex */,
			);
		};
/* End PBXProject section */

/* Begin PBXResourcesBuildPhase section */
		43ED327D2977553E00C41A22 /* Resources */ = {
			isa = PBXResourcesBuildPhase;
			buildActionMask = 2147483647;
			files = (
				43ED328F2977553E00C41A22 /* LaunchScreen.storyboard in Resources */,
				43ED328C2977553E00C41A22 /* Assets.xcassets in Resources */,
				43ED328A2977553E00C41A22 /* Main.storyboard in Resources */,
			);
			runOnlyForDeploymentPostprocessing = 0;
		};
/* End PBXResourcesBuildPhase section */

/* Begin PBXSourcesBuildPhase section */
		43ED327B2977553E00C41A22 /* Sources */ = {
			isa = PBXSourcesBuildPhase;
			buildActionMask = 2147483647;
			files = (
				43ED32872977553E00C41A22 /* CalculateViewController.swift in Sources */,
				43ED32832977553E00C41A22 /* AppDelegate.swift in Sources */,
				43C1ADB2297C98E90007B9EA /* ProgramaticallyVC.swift in Sources */,
				43C1ADB4297CA9980007B9EA /* ResultsViewController.swift in Sources */,
				43ED32852977553E00C41A22 /* SceneDelegate.swift in Sources */,
			);
			runOnlyForDeploymentPostprocessing = 0;
		};
/* End PBXSourcesBuildPhase section */

/* Begin PBXVariantGroup section */
		43ED32882977553E00C41A22 /* Main.storyboard */ = {
			isa = PBXVariantGroup;
			children = (
				43ED32892977553E00C41A22 /* Base */,
			);
			name = Main.storyboard;
			sourceTree = "<group>";
		};
		43ED328D2977553E00C41A22 /* LaunchScreen.storyboard */ = {
			isa = PBXVariantGroup;
			children = (
				43ED328E2977553E00C41A22 /* Base */,
			);
			name = LaunchScreen.storyboard;
			sourceTree = "<group>";
		};
/* End PBXVariantGroup section */

/* Begin XCBuildConfiguration section */
		43ED32912977553E00C41A22 /* Debug */ = {
			isa = XCBuildConfiguration;
			buildSettings = {
				ALWAYS_SEARCH_USER_PATHS = NO;
				CLANG_ANALYZER_NONNULL = YES;
				CLANG_ANALYZER_NUMBER_OBJECT_CONVERSION = YES_AGGRESSIVE;
				CLANG_CXX_LANGUAGE_STANDARD = "gnu++20";
				CLANG_ENABLE_MODULES = YES;
				CLANG_ENABLE_OBJC_ARC = YES;
				CLANG_ENABLE_OBJC_WEAK = YES;
				CLANG_WARN_BLOCK_CAPTURE_AUTORELEASING = YES;
				CLANG_WARN_BOOL_CONVERSION = YES;
				CLANG_WARN_COMMA = YES;
				CLANG_WARN_CONSTANT_CONVERSION = YES;
				CLANG_WARN_DEPRECATED_OBJC_IMPLEMENTATIONS = YES;
				CLANG_WARN_DIRECT_OBJC_ISA_USAGE = YES_ERROR;
				CLANG_WARN_DOCUMENTATION_COMMENTS = YES;
				CLANG_WARN_EMPTY_BODY = YES;
				CLANG_WARN_ENUM_CONVERSION = YES;
				CLANG_WARN_INFINITE_RECURSION = YES;
				CLANG_WARN_INT_CONVERSION = YES;
				CLANG_WARN_NON_LITERAL_NULL_CONVERSION = YES;
				CLANG_WARN_OBJC_IMPLICIT_RETAIN_SELF = YES;
				CLANG_WARN_OBJC_LITERAL_CONVERSION = YES;
				CLANG_WARN_OBJC_ROOT_CLASS = YES_ERROR;
				CLANG_WARN_QUOTED_INCLUDE_IN_FRAMEWORK_HEADER = YES;
				CLANG_WARN_RANGE_LOOP_ANALYSIS = YES;
				CLANG_WARN_STRICT_PROTOTYPES = YES;
				CLANG_WARN_SUSPICIOUS_MOVE = YES;
				CLANG_WARN_UNGUARDED_AVAILABILITY = YES_AGGRESSIVE;
				CLANG_WARN_UNREACHABLE_CODE = YES;
				CLANG_WARN__DUPLICATE_METHOD_MATCH = YES;
				COPY_PHASE_STRIP = NO;
				DEBUG_INFORMATION_FORMAT = dwarf;
				ENABLE_STRICT_OBJC_MSGSEND = YES;
				ENABLE_TESTABILITY = YES;
				GCC_C_LANGUAGE_STANDARD = gnu11;
				GCC_DYNAMIC_NO_PIC = NO;
				GCC_NO_COMMON_BLOCKS = YES;
				GCC_OPTIMIZATION_LEVEL = 0;
				GCC_PREPROCESSOR_DEFINITIONS = (
					"DEBUG=1",
					"$(inherited)",
				);
				GCC_WARN_64_TO_32_BIT_CONVERSION = YES;
				GCC_WARN_ABOUT_RETURN_TYPE = YES_ERROR;
				GCC_WARN_UNDECLARED_SELECTOR = YES;
				GCC_WARN_UNINITIALIZED_AUTOS = YES_AGGRESSIVE;
				GCC_WARN_UNUSED_FUNCTION = YES;
				GCC_WARN_UNUSED_VARIABLE = YES;
				IPHONEOS_DEPLOYMENT_TARGET = 16.2;
				MTL_ENABLE_DEBUG_INFO = INCLUDE_SOURCE;
				MTL_FAST_MATH = YES;
				ONLY_ACTIVE_ARCH = YES;
				SDKROOT = iphoneos;
				SWIFT_ACTIVE_COMPILATION_CONDITIONS = DEBUG;
				SWIFT_OPTIMIZATION_LEVEL = "-Onone";
			};
			name = Debug;
		};
		43ED32922977553E00C41A22 /* Release */ = {
			isa = XCBuildConfiguration;
			buildSettings = {
				ALWAYS_SEARCH_USER_PATHS = NO;
				CLANG_ANALYZER_NONNULL = YES;
				CLANG_ANALYZER_NUMBER_OBJECT_CONVERSION = YES_AGGRESSIVE;
				CLANG_CXX_LANGUAGE_STANDARD = "gnu++20";
				CLANG_ENABLE_MODULES = YES;
				CLANG_ENABLE_OBJC_ARC = YES;
				CLANG_ENABLE_OBJC_WEAK = YES;
				CLANG_WARN_BLOCK_CAPTURE_AUTORELEASING = YES;
				CLANG_WARN_BOOL_CONVERSION = YES;
				CLANG_WARN_COMMA = YES;
				CLANG_WARN_CONSTANT_CONVERSION = YES;
				CLANG_WARN_DEPRECATED_OBJC_IMPLEMENTATIONS = YES;
				CLANG_WARN_DIRECT_OBJC_ISA_USAGE = YES_ERROR;
				CLANG_WARN_DOCUMENTATION_COMMENTS = YES;
				CLANG_WARN_EMPTY_BODY = YES;
				CLANG_WARN_ENUM_CONVERSION = YES;
				CLANG_WARN_INFINITE_RECURSION = YES;
				CLANG_WARN_INT_CONVERSION = YES;
				CLANG_WARN_NON_LITERAL_NULL_CONVERSION = YES;
				CLANG_WARN_OBJC_IMPLICIT_RETAIN_SELF = YES;
				CLANG_WARN_OBJC_LITERAL_CONVERSION = YES;
				CLANG_WARN_OBJC_ROOT_CLASS = YES_ERROR;
				CLANG_WARN_QUOTED_INCLUDE_IN_FRAMEWORK_HEADER = YES;
				CLANG_WARN_RANGE_LOOP_ANALYSIS = YES;
				CLANG_WARN_STRICT_PROTOTYPES = YES;
				CLANG_WARN_SUSPICIOUS_MOVE = YES;
				CLANG_WARN_UNGUARDED_AVAILABILITY = YES_AGGRESSIVE;
				CLANG_WARN_UNREACHABLE_CODE = YES;
				CLANG_WARN__DUPLICATE_METHOD_MATCH = YES;
				COPY_PHASE_STRIP = NO;
				DEBUG_INFORMATION_FORMAT = "dwarf-with-dsym";
				ENABLE_NS_ASSERTIONS = NO;
				ENABLE_STRICT_OBJC_MSGSEND = YES;
				GCC_C_LANGUAGE_STANDARD = gnu11;
				GCC_NO_COMMON_BLOCKS = YES;
				GCC_WARN_64_TO_32_BIT_CONVERSION = YES;
				GCC_WARN_ABOUT_RETURN_TYPE = YES_ERROR;
				GCC_WARN_UNDECLARED_SELECTOR = YES;
				GCC_WARN_UNINITIALIZED_AUTOS = YES_AGGRESSIVE;
				GCC_WARN_UNUSED_FUNCTION = YES;
				GCC_WARN_UNUSED_VARIABLE = YES;
				IPHONEOS_DEPLOYMENT_TARGET = 16.2;
				MTL_ENABLE_DEBUG_INFO = NO;
				MTL_FAST_MATH = YES;
				SDKROOT = iphoneos;
				SWIFT_COMPILATION_MODE = wholemodule;
				SWIFT_OPTIMIZATION_LEVEL = "-O";
				VALIDATE_PRODUCT = YES;
			};
			name = Release;
		};
		43ED32942977553E00C41A22 /* Debug */ = {
			isa = XCBuildConfiguration;
			buildSettings = {
				ASSETCATALOG_COMPILER_APPICON_NAME = AppIcon;
				ASSETCATALOG_COMPILER_GLOBAL_ACCENT_COLOR_NAME = AccentColor;
				CODE_SIGN_STYLE = Automatic;
				CURRENT_PROJECT_VERSION = 1;
				DEVELOPMENT_TEAM = HD288VWUJ8;
				GENERATE_INFOPLIST_FILE = YES;
				INFOPLIST_FILE = BodyMindex/Info.plist;
				INFOPLIST_KEY_UIApplicationSupportsIndirectInputEvents = YES;
				INFOPLIST_KEY_UILaunchStoryboardName = LaunchScreen;
				INFOPLIST_KEY_UIMainStoryboardFile = Main;
				INFOPLIST_KEY_UISupportedInterfaceOrientations = UIInterfaceOrientationPortrait;
				IPHONEOS_DEPLOYMENT_TARGET = 13.0;
				LD_RUNPATH_SEARCH_PATHS = (
					"$(inherited)",
					"@executable_path/Frameworks",
				);
				MARKETING_VERSION = 1.0;
				PRODUCT_BUNDLE_IDENTIFIER = miguel.torres.bodymindex;
				PRODUCT_NAME = "$(TARGET_NAME)";
				SWIFT_EMIT_LOC_STRINGS = YES;
				SWIFT_VERSION = 5.0;
				TARGETED_DEVICE_FAMILY = "1,2";
			};
			name = Debug;
		};
		43ED32952977553E00C41A22 /* Release */ = {
			isa = XCBuildConfiguration;
			buildSettings = {
				ASSETCATALOG_COMPILER_APPICON_NAME = AppIcon;
				ASSETCATALOG_COMPILER_GLOBAL_ACCENT_COLOR_NAME = AccentColor;
				CODE_SIGN_STYLE = Automatic;
				CURRENT_PROJECT_VERSION = 1;
				DEVELOPMENT_TEAM = HD288VWUJ8;
				GENERATE_INFOPLIST_FILE = YES;
				INFOPLIST_FILE = BodyMindex/Info.plist;
				INFOPLIST_KEY_UIApplicationSupportsIndirectInputEvents = YES;
				INFOPLIST_KEY_UILaunchStoryboardName = LaunchScreen;
				INFOPLIST_KEY_UIMainStoryboardFile = Main;
				INFOPLIST_KEY_UISupportedInterfaceOrientations = UIInterfaceOrientationPortrait;
				IPHONEOS_DEPLOYMENT_TARGET = 13.0;
				LD_RUNPATH_SEARCH_PATHS = (
					"$(inherited)",
					"@executable_path/Frameworks",
				);
				MARKETING_VERSION = 1.0;
				PRODUCT_BUNDLE_IDENTIFIER = miguel.torres.bodymindex;
				PRODUCT_NAME = "$(TARGET_NAME)";
				SWIFT_EMIT_LOC_STRINGS = YES;
				SWIFT_VERSION = 5.0;
				TARGETED_DEVICE_FAMILY = "1,2";
			};
			name = Release;
		};
/* End XCBuildConfiguration section */

/* Begin XCConfigurationList section */
		43ED327A2977553E00C41A22 /* Build configuration list for PBXProject "BodyMindex" */ = {
			isa = XCConfigurationList;
			buildConfigurations = (
				43ED32912977553E00C41A22 /* Debug */,
				43ED32922977553E00C41A22 /* Release */,
			);
			defaultConfigurationIsVisible = 0;
			defaultConfigurationName = Release;
		};
		43ED32932977553E00C41A22 /* Build configuration list for PBXNativeTarget "BodyMindex" */ = {
			isa = XCConfigurationList;
			buildConfigurations = (
				43ED32942977553E00C41A22 /* Debug */,
				43ED32952977553E00C41A22 /* Release */,
			);
			defaultConfigurationIsVisible = 0;
			defaultConfigurationName = Release;
		};
/* End XCConfigurationList section */
	};
	rootObject = 43ED32772977553E00C41A22 /* Project object */;
}
